
Microsoft Visual Studio Solution File, Format Version 12.00
# Visual Studio 2013
VisualStudioVersion = 12.0.31101.0
MinimumVisualStudioVersion = 10.0.40219.1
Project("{FAE04EC0-301F-11D3-BF4B-00C04F79EFBC}") = "SharePoint.CopyList.Console", "SharePoint.CopyList.Console\SharePoint.CopyList.Console.csproj", "{95DF7205-9577-4C09-9AF7-4E34F00BE4C9}"
	ProjectSection(ProjectDependencies) = postProject
		{5BD73485-E150-40B5-8E98-F2B80D22C6C3} = {5BD73485-E150-40B5-8E98-F2B80D22C6C3}
	EndProjectSection
EndProject
Project("{FAE04EC0-301F-11D3-BF4B-00C04F79EFBC}") = "SharePoint.CopyList.Logging", "SharePoint.CopyList.Logging\SharePoint.CopyList.Logging.csproj", "{757C0F6F-6C48-456A-A6BD-BFBF6A5D9DB8}"
EndProject
Project("{FAE04EC0-301F-11D3-BF4B-00C04F79EFBC}") = "SharePoint.CopyList", "SharePoint.CopyList\SharePoint.CopyList.csproj", "{5BD73485-E150-40B5-8E98-F2B80D22C6C3}"
EndProject
Global
	GlobalSection(SolutionConfigurationPlatforms) = preSolution
		Debug|Any CPU = Debug|Any CPU
		Release|Any CPU = Release|Any CPU
	EndGlobalSection
	GlobalSection(ProjectConfigurationPlatforms) = postSolution
		{95DF7205-9577-4C09-9AF7-4E34F00BE4C9}.Debug|Any CPU.ActiveCfg = Debug|Any CPU
		{95DF7205-9577-4C09-9AF7-4E34F00BE4C9}.Debug|Any CPU.Build.0 = Debug|Any CPU
		{95DF7205-9577-4C09-9AF7-4E34F00BE4C9}.Release|Any CPU.ActiveCfg = Release|Any CPU
		{95DF7205-9577-4C09-9AF7-4E34F00BE4C9}.Release|Any CPU.Build.0 = Release|Any CPU
		{757C0F6F-6C48-456A-A6BD-BFBF6A5D9DB8}.Debug|Any CPU.ActiveCfg = Debug|Any CPU
		{757C0F6F-6C48-456A-A6BD-BFBF6A5D9DB8}.Debug|Any CPU.Build.0 = Debug|Any CPU
		{757C0F6F-6C48-456A-A6BD-BFBF6A5D9DB8}.Release|Any CPU.ActiveCfg = Release|Any CPU
		{757C0F6F-6C48-456A-A6BD-BFBF6A5D9DB8}.Release|Any CPU.Build.0 = Release|Any CPU
		{5BD73485-E150-40B5-8E98-F2B80D22C6C3}.Debug|Any CPU.ActiveCfg = Debug|Any CPU
		{5BD73485-E150-40B5-8E98-F2B80D22C6C3}.Debug|Any CPU.Build.0 = Debug|Any CPU
		{5BD73485-E150-40B5-8E98-F2B80D22C6C3}.Debug|Any CPU.Deploy.0 = Debug|Any CPU
		{5BD73485-E150-40B5-8E98-F2B80D22C6C3}.Release|Any CPU.ActiveCfg = Release|Any CPU
		{5BD73485-E150-40B5-8E98-F2B80D22C6C3}.Release|Any CPU.Build.0 = Release|Any CPU
		{5BD73485-E150-40B5-8E98-F2B80D22C6C3}.Release|Any CPU.Deploy.0 = Release|Any CPU
	EndGlobalSection
	GlobalSection(SolutionProperties) = preSolution
		HideSolutionNode = FALSE
	EndGlobalSection
EndGlobal
